
Microsoft Visual Studio Solution File, Format Version 12.00
# Visual Studio 2012
Project("{FAE04EC0-301F-11D3-BF4B-00C04F79EFBC}") = "MyCryptoFortune", "MyCryptoFortune\MyCryptoFortune.csproj", "{9B0E12CB-0344-4D20-B57A-D2C13E76E741}"
EndProject
Project("{FAE04EC0-301F-11D3-BF4B-00C04F79EFBC}") = "MyCryptoFortune.Tests", "MyCryptoFortune.Tests\MyCryptoFortune.Tests.csproj", "{7E618148-AFE1-4D02-9FF5-01026077B92A}"
EndProject
Global
	GlobalSection(SolutionConfigurationPlatforms) = preSolution
		Debug|Any CPU = Debug|Any CPU
		Release|Any CPU = Release|Any CPU
	EndGlobalSection
	GlobalSection(ProjectConfigurationPlatforms) = postSolution
		{9B0E12CB-0344-4D20-B57A-D2C13E76E741}.Debug|Any CPU.ActiveCfg = Debug|Any CPU
		{9B0E12CB-0344-4D20-B57A-D2C13E76E741}.Debug|Any CPU.Build.0 = Debug|Any CPU
		{9B0E12CB-0344-4D20-B57A-D2C13E76E741}.Release|Any CPU.ActiveCfg = Release|Any CPU
		{9B0E12CB-0344-4D20-B57A-D2C13E76E741}.Release|Any CPU.Build.0 = Release|Any CPU
		{7E618148-AFE1-4D02-9FF5-01026077B92A}.Debug|Any CPU.ActiveCfg = Debug|Any CPU
		{7E618148-AFE1-4D02-9FF5-01026077B92A}.Debug|Any CPU.Build.0 = Debug|Any CPU
		{7E618148-AFE1-4D02-9FF5-01026077B92A}.Release|Any CPU.ActiveCfg = Release|Any CPU
		{7E618148-AFE1-4D02-9FF5-01026077B92A}.Release|Any CPU.Build.0 = Release|Any CPU
	EndGlobalSection
	GlobalSection(SolutionProperties) = preSolution
		HideSolutionNode = FALSE
	EndGlobalSection
EndGlobal
